// !$*UTF8*$!
{
	archiveVersion = 1;
	classes = {
	};
	objectVersion = 46;
	objects = {

/* Begin PBXBuildFile section */
		84C392B61EB2704A00A5178C /* main.m in Sources */ = {isa = PBXBuildFile; fileRef = 84C392B51EB2704A00A5178C /* main.m */; };
		84C392B91EB2704A00A5178C /* AppDelegate.m in Sources */ = {isa = PBXBuildFile; fileRef = 84C392B81EB2704A00A5178C /* AppDelegate.m */; };
		84C392BC1EB2704A00A5178C /* ViewController.m in Sources */ = {isa = PBXBuildFile; fileRef = 84C392BB1EB2704A00A5178C /* ViewController.m */; };
		84C392BF1EB2704A00A5178C /* Main.storyboard in Resources */ = {isa = PBXBuildFile; fileRef = 84C392BD1EB2704A00A5178C /* Main.storyboard */; };
		84C392C11EB2704A00A5178C /* Assets.xcassets in Resources */ = {isa = PBXBuildFile; fileRef = 84C392C01EB2704A00A5178C /* Assets.xcassets */; };
		84C392C41EB2704A00A5178C /* LaunchScreen.storyboard in Resources */ = {isa = PBXBuildFile; fileRef = 84C392C21EB2704A00A5178C /* LaunchScreen.storyboard */; };
		84C392CF1EB2704A00A5178C /* collectionViewTutorialTests.m in Sources */ = {isa = PBXBuildFile; fileRef = 84C392CE1EB2704A00A5178C /* collectionViewTutorialTests.m */; };
		84C392DA1EB2704A00A5178C /* collectionViewTutorialUITests.m in Sources */ = {isa = PBXBuildFile; fileRef = 84C392D91EB2704A00A5178C /* collectionViewTutorialUITests.m */; };
/* End PBXBuildFile section */

/* Begin PBXContainerItemProxy section */
		84C392CB1EB2704A00A5178C /* PBXContainerItemProxy */ = {
			isa = PBXContainerItemProxy;
			containerPortal = 84C392A91EB2704A00A5178C /* Project object */;
			proxyType = 1;
			remoteGlobalIDString = 84C392B01EB2704A00A5178C;
			remoteInfo = collectionViewTutorial;
		};
		84C392D61EB2704A00A5178C /* PBXContainerItemProxy */ = {
			isa = PBXContainerItemProxy;
			containerPortal = 84C392A91EB2704A00A5178C /* Project object */;
			proxyType = 1;
			remoteGlobalIDString = 84C392B01EB2704A00A5178C;
			remoteInfo = collectionViewTutorial;
		};
/* End PBXContainerItemProxy section */

/* Begin PBXFileReference section */
		84C392B11EB2704A00A5178C /* collectionViewTutorial.app */ = {isa = PBXFileReference; explicitFileType = wrapper.application; includeInIndex = 0; path = collectionViewTutorial.app; sourceTree = BUILT_PRODUCTS_DIR; };
		84C392B51EB2704A00A5178C /* main.m */ = {isa = PBXFileReference; lastKnownFileType = sourcecode.c.objc; path = main.m; sourceTree = "<group>"; };
		84C392B71EB2704A00A5178C /* AppDelegate.h */ = {isa = PBXFileReference; lastKnownFileType = sourcecode.c.h; path = AppDelegate.h; sourceTree = "<group>"; };
		84C392B81EB2704A00A5178C /* AppDelegate.m */ = {isa = PBXFileReference; lastKnownFileType = sourcecode.c.objc; path = AppDelegate.m; sourceTree = "<group>"; };
		84C392BA1EB2704A00A5178C /* ViewController.h */ = {isa = PBXFileReference; lastKnownFileType = sourcecode.c.h; path = ViewController.h; sourceTree = "<group>"; };
		84C392BB1EB2704A00A5178C /* ViewController.m */ = {isa = PBXFileReference; lastKnownFileType = sourcecode.c.objc; path = ViewController.m; sourceTree = "<group>"; };
		84C392BE1EB2704A00A5178C /* Base */ = {isa = PBXFileReference; lastKnownFileType = file.storyboard; name = Base; path = Base.lproj/Main.storyboard; sourceTree = "<group>"; };
		84C392C01EB2704A00A5178C /* Assets.xcassets */ = {isa = PBXFileReference; lastKnownFileType = folder.assetcatalog; path = Assets.xcassets; sourceTree = "<group>"; };
		84C392C31EB2704A00A5178C /* Base */ = {isa = PBXFileReference; lastKnownFileType = file.storyboard; name = Base; path = Base.lproj/LaunchScreen.storyboard; sourceTree = "<group>"; };
		84C392C51EB2704A00A5178C /* Info.plist */ = {isa = PBXFileReference; lastKnownFileType = text.plist.xml; path = Info.plist; sourceTree = "<group>"; };
		84C392CA1EB2704A00A5178C /* collectionViewTutorialTests.xctest */ = {isa = PBXFileReference; explicitFileType = wrapper.cfbundle; includeInIndex = 0; path = collectionViewTutorialTests.xctest; sourceTree = BUILT_PRODUCTS_DIR; };
		84C392CE1EB2704A00A5178C /* collectionViewTutorialTests.m */ = {isa = PBXFileReference; lastKnownFileType = sourcecode.c.objc; path = collectionViewTutorialTests.m; sourceTree = "<group>"; };
		84C392D01EB2704A00A5178C /* Info.plist */ = {isa = PBXFileReference; lastKnownFileType = text.plist.xml; path = Info.plist; sourceTree = "<group>"; };
		84C392D51EB2704A00A5178C /* collectionViewTutorialUITests.xctest */ = {isa = PBXFileReference; explicitFileType = wrapper.cfbundle; includeInIndex = 0; path = collectionViewTutorialUITests.xctest; sourceTree = BUILT_PRODUCTS_DIR; };
		84C392D91EB2704A00A5178C /* collectionViewTutorialUITests.m */ = {isa = PBXFileReference; lastKnownFileType = sourcecode.c.objc; path = collectionViewTutorialUITests.m; sourceTree = "<group>"; };
		84C392DB1EB2704A00A5178C /* Info.plist */ = {isa = PBXFileReference; lastKnownFileType = text.plist.xml; path = Info.plist; sourceTree = "<group>"; };
/* End PBXFileReference section */

/* Begin PBXFrameworksBuildPhase section */
		84C392AE1EB2704A00A5178C /* Frameworks */ = {
			isa = PBXFrameworksBuildPhase;
			buildActionMask = 2147483647;
			files = (
			);
			runOnlyForDeploymentPostprocessing = 0;
		};
		84C392C71EB2704A00A5178C /* Frameworks */ = {
			isa = PBXFrameworksBuildPhase;
			buildActionMask = 2147483647;
			files = (
			);
			runOnlyForDeploymentPostprocessing = 0;
		};
		84C392D21EB2704A00A5178C /* Frameworks */ = {
			isa = PBXFrameworksBuildPhase;
			buildActionMask = 2147483647;
			files = (
			);
			runOnlyForDeploymentPostprocessing = 0;
		};
/* End PBXFrameworksBuildPhase section */

/* Begin PBXGroup section */
		84C392A81EB2704A00A5178C = {
			isa = PBXGroup;
			children = (
				84C392B31EB2704A00A5178C /* collectionViewTutorial */,
				84C392CD1EB2704A00A5178C /* collectionViewTutorialTests */,
				84C392D81EB2704A00A5178C /* collectionViewTutorialUITests */,
				84C392B21EB2704A00A5178C /* Products */,
			);
			sourceTree = "<group>";
		};
		84C392B21EB2704A00A5178C /* Products */ = {
			isa = PBXGroup;
			children = (
				84C392B11EB2704A00A5178C /* collectionViewTutorial.app */,
				84C392CA1EB2704A00A5178C /* collectionViewTutorialTests.xctest */,
				84C392D51EB2704A00A5178C /* collectionViewTutorialUITests.xctest */,
			);
			name = Products;
			sourceTree = "<group>";
		};
		84C392B31EB2704A00A5178C /* collectionViewTutorial */ = {
			isa = PBXGroup;
			children = (
				84C392B71EB2704A00A5178C /* AppDelegate.h */,
				84C392B81EB2704A00A5178C /* AppDelegate.m */,
				84C392BA1EB2704A00A5178C /* ViewController.h */,
				84C392BB1EB2704A00A5178C /* ViewController.m */,
				84C392BD1EB2704A00A5178C /* Main.storyboard */,
				84C392C01EB2704A00A5178C /* Assets.xcassets */,
				84C392C21EB2704A00A5178C /* LaunchScreen.storyboard */,
				84C392C51EB2704A00A5178C /* Info.plist */,
				84C392B41EB2704A00A5178C /* Supporting Files */,
			);
			path = collectionViewTutorial;
			sourceTree = "<group>";
		};
		84C392B41EB2704A00A5178C /* Supporting Files */ = {
			isa = PBXGroup;
			children = (
				84C392B51EB2704A00A5178C /* main.m */,
			);
			name = "Supporting Files";
			sourceTree = "<group>";
		};
		84C392CD1EB2704A00A5178C /* collectionViewTutorialTests */ = {
			isa = PBXGroup;
			children = (
				84C392CE1EB2704A00A5178C /* collectionViewTutorialTests.m */,
				84C392D01EB2704A00A5178C /* Info.plist */,
			);
			path = collectionViewTutorialTests;
			sourceTree = "<group>";
		};
		84C392D81EB2704A00A5178C /* collectionViewTutorialUITests */ = {
			isa = PBXGroup;
			children = (
				84C392D91EB2704A00A5178C /* collectionViewTutorialUITests.m */,
				84C392DB1EB2704A00A5178C /* Info.plist */,
			);
			path = collectionViewTutorialUITests;
			sourceTree = "<group>";
		};
/* End PBXGroup section */

/* Begin PBXNativeTarget section */
		84C392B01EB2704A00A5178C /* collectionViewTutorial */ = {
			isa = PBXNativeTarget;
			buildConfigurationList = 84C392DE1EB2704A00A5178C /* Build configuration list for PBXNativeTarget "collectionViewTutorial" */;
			buildPhases = (
				84C392AD1EB2704A00A5178C /* Sources */,
				84C392AE1EB2704A00A5178C /* Frameworks */,
				84C392AF1EB2704A00A5178C /* Resources */,
			);
			buildRules = (
			);
			dependencies = (
			);
			name = collectionViewTutorial;
			productName = collectionViewTutorial;
			productReference = 84C392B11EB2704A00A5178C /* collectionViewTutorial.app */;
			productType = "com.apple.product-type.application";
		};
		84C392C91EB2704A00A5178C /* collectionViewTutorialTests */ = {
			isa = PBXNativeTarget;
			buildConfigurationList = 84C392E11EB2704A00A5178C /* Build configuration list for PBXNativeTarget "collectionViewTutorialTests" */;
			buildPhases = (
				84C392C61EB2704A00A5178C /* Sources */,
				84C392C71EB2704A00A5178C /* Frameworks */,
				84C392C81EB2704A00A5178C /* Resources */,
			);
			buildRules = (
			);
			dependencies = (
				84C392CC1EB2704A00A5178C /* PBXTargetDependency */,
			);
			name = collectionViewTutorialTests;
			productName = collectionViewTutorialTests;
			productReference = 84C392CA1EB2704A00A5178C /* collectionViewTutorialTests.xctest */;
			productType = "com.apple.product-type.bundle.unit-test";
		};
		84C392D41EB2704A00A5178C /* collectionViewTutorialUITests */ = {
			isa = PBXNativeTarget;
			buildConfigurationList = 84C392E41EB2704A00A5178C /* Build configuration list for PBXNativeTarget "collectionViewTutorialUITests" */;
			buildPhases = (
				84C392D11EB2704A00A5178C /* Sources */,
				84C392D21EB2704A00A5178C /* Frameworks */,
				84C392D31EB2704A00A5178C /* Resources */,
			);
			buildRules = (
			);
			dependencies = (
				84C392D71EB2704A00A5178C /* PBXTargetDependency */,
			);
			name = collectionViewTutorialUITests;
			productName = collectionViewTutorialUITests;
			productReference = 84C392D51EB2704A00A5178C /* collectionViewTutorialUITests.xctest */;
			productType = "com.apple.product-type.bundle.ui-testing";
		};
/* End PBXNativeTarget section */

/* Begin PBXProject section */
		84C392A91EB2704A00A5178C /* Project object */ = {
			isa = PBXProject;
			attributes = {
				LastUpgradeCheck = 0830;
				ORGANIZATIONNAME = dev;
				TargetAttributes = {
					84C392B01EB2704A00A5178C = {
						CreatedOnToolsVersion = 8.3.2;
						ProvisioningStyle = Automatic;
					};
					84C392C91EB2704A00A5178C = {
						CreatedOnToolsVersion = 8.3.2;
						ProvisioningStyle = Automatic;
						TestTargetID = 84C392B01EB2704A00A5178C;
					};
					84C392D41EB2704A00A5178C = {
						CreatedOnToolsVersion = 8.3.2;
						ProvisioningStyle = Automatic;
						TestTargetID = 84C392B01EB2704A00A5178C;
					};
				};
			};
			buildConfigurationList = 84C392AC1EB2704A00A5178C /* Build configuration list for PBXProject "collectionViewTutorial" */;
			compatibilityVersion = "Xcode 3.2";
			developmentRegion = English;
			hasScannedForEncodings = 0;
			knownRegions = (
				en,
				Base,
			);
			mainGroup = 84C392A81EB2704A00A5178C;
			productRefGroup = 84C392B21EB2704A00A5178C /* Products */;
			projectDirPath = "";
			projectRoot = "";
			targets = (
				84C392B01EB2704A00A5178C /* collectionViewTutorial */,
				84C392C91EB2704A00A5178C /* collectionViewTutorialTests */,
				84C392D41EB2704A00A5178C /* collectionViewTutorialUITests */,
			);
		};
/* End PBXProject section */

/* Begin PBXResourcesBuildPhase section */
		84C392AF1EB2704A00A5178C /* Resources */ = {
			isa = PBXResourcesBuildPhase;
			buildActionMask = 2147483647;
			files = (
				84C392C41EB2704A00A5178C /* LaunchScreen.storyboard in Resources */,
				84C392C11EB2704A00A5178C /* Assets.xcassets in Resources */,
				84C392BF1EB2704A00A5178C /* Main.storyboard in Resources */,
			);
			runOnlyForDeploymentPostprocessing = 0;
		};
		84C392C81EB2704A00A5178C /* Resources */ = {
			isa = PBXResourcesBuildPhase;
			buildActionMask = 2147483647;
			files = (
			);
			runOnlyForDeploymentPostprocessing = 0;
		};
		84C392D31EB2704A00A5178C /* Resources */ = {
			isa = PBXResourcesBuildPhase;
			buildActionMask = 2147483647;
			files = (
			);
			runOnlyForDeploymentPostprocessing = 0;
		};
/* End PBXResourcesBuildPhase section */

/* Begin PBXSourcesBuildPhase section */
		84C392AD1EB2704A00A5178C /* Sources */ = {
			isa = PBXSourcesBuildPhase;
			buildActionMask = 2147483647;
			files = (
				84C392BC1EB2704A00A5178C /* ViewController.m in Sources */,
				84C392B91EB2704A00A5178C /* AppDelegate.m in Sources */,
				84C392B61EB2704A00A5178C /* main.m in Sources */,
			);
			runOnlyForDeploymentPostprocessing = 0;
		};
		84C392C61EB2704A00A5178C /* Sources */ = {
			isa = PBXSourcesBuildPhase;
			buildActionMask = 2147483647;
			files = (
				84C392CF1EB2704A00A5178C /* collectionViewTutorialTests.m in Sources */,
			);
			runOnlyForDeploymentPostprocessing = 0;
		};
		84C392D11EB2704A00A5178C /* Sources */ = {
			isa = PBXSourcesBuildPhase;
			buildActionMask = 2147483647;
			files = (
				84C392DA1EB2704A00A5178C /* collectionViewTutorialUITests.m in Sources */,
			);
			runOnlyForDeploymentPostprocessing = 0;
		};
/* End PBXSourcesBuildPhase section */

/* Begin PBXTargetDependency section */
		84C392CC1EB2704A00A5178C /* PBXTargetDependency */ = {
			isa = PBXTargetDependency;
			target = 84C392B01EB2704A00A5178C /* collectionViewTutorial */;
			targetProxy = 84C392CB1EB2704A00A5178C /* PBXContainerItemProxy */;
		};
		84C392D71EB2704A00A5178C /* PBXTargetDependency */ = {
			isa = PBXTargetDependency;
			target = 84C392B01EB2704A00A5178C /* collectionViewTutorial */;
			targetProxy = 84C392D61EB2704A00A5178C /* PBXContainerItemProxy */;
		};
/* End PBXTargetDependency section */

/* Begin PBXVariantGroup section */
		84C392BD1EB2704A00A5178C /* Main.storyboard */ = {
			isa = PBXVariantGroup;
			children = (
				84C392BE1EB2704A00A5178C /* Base */,
			);
			name = Main.storyboard;
			sourceTree = "<group>";
		};
		84C392C21EB2704A00A5178C /* LaunchScreen.storyboard */ = {
			isa = PBXVariantGroup;
			children = (
				84C392C31EB2704A00A5178C /* Base */,
			);
			name = LaunchScreen.storyboard;
			sourceTree = "<group>";
		};
/* End PBXVariantGroup section */

/* Begin XCBuildConfiguration section */
		84C392DC1EB2704A00A5178C /* Debug */ = {
			isa = XCBuildConfiguration;
			buildSettings = {
				ALWAYS_SEARCH_USER_PATHS = NO;
				CLANG_ANALYZER_NONNULL = YES;
				CLANG_ANALYZER_NUMBER_OBJECT_CONVERSION = YES_AGGRESSIVE;
				CLANG_CXX_LANGUAGE_STANDARD = "gnu++0x";
				CLANG_CXX_LIBRARY = "libc++";
				CLANG_ENABLE_MODULES = YES;
				CLANG_ENABLE_OBJC_ARC = YES;
				CLANG_WARN_BOOL_CONVERSION = YES;
				CLANG_WARN_CONSTANT_CONVERSION = YES;
				CLANG_WARN_DIRECT_OBJC_ISA_USAGE = YES_ERROR;
				CLANG_WARN_DOCUMENTATION_COMMENTS = YES;
				CLANG_WARN_EMPTY_BODY = YES;
				CLANG_WARN_ENUM_CONVERSION = YES;
				CLANG_WARN_INFINITE_RECURSION = YES;
				CLANG_WARN_INT_CONVERSION = YES;
				CLANG_WARN_OBJC_ROOT_CLASS = YES_ERROR;
				CLANG_WARN_SUSPICIOUS_MOVE = YES;
				CLANG_WARN_UNREACHABLE_CODE = YES;
				CLANG_WARN__DUPLICATE_METHOD_MATCH = YES;
				"CODE_SIGN_IDENTITY[sdk=iphoneos*]" = "iPhone Developer";
				COPY_PHASE_STRIP = NO;
				DEBUG_INFORMATION_FORMAT = dwarf;
				ENABLE_STRICT_OBJC_MSGSEND = YES;
				ENABLE_TESTABILITY = YES;
				GCC_C_LANGUAGE_STANDARD = gnu99;
				GCC_DYNAMIC_NO_PIC = NO;
				GCC_NO_COMMON_BLOCKS = YES;
				GCC_OPTIMIZATION_LEVEL = 0;
				GCC_PREPROCESSOR_DEFINITIONS = (
					"DEBUG=1",
					"$(inherited)",
				);
				GCC_WARN_64_TO_32_BIT_CONVERSION = YES;
				GCC_WARN_ABOUT_RETURN_TYPE = YES_ERROR;
				GCC_WARN_UNDECLARED_SELECTOR = YES;
				GCC_WARN_UNINITIALIZED_AUTOS = YES_AGGRESSIVE;
				GCC_WARN_UNUSED_FUNCTION = YES;
				GCC_WARN_UNUSED_VARIABLE = YES;
				IPHONEOS_DEPLOYMENT_TARGET = 10.3;
				MTL_ENABLE_DEBUG_INFO = YES;
				ONLY_ACTIVE_ARCH = YES;
				SDKROOT = iphoneos;
				TARGETED_DEVICE_FAMILY = "1,2";
			};
			name = Debug;
		};
		84C392DD1EB2704A00A5178C /* Release */ = {
			isa = XCBuildConfiguration;
			buildSettings = {
				ALWAYS_SEARCH_USER_PATHS = NO;
				CLANG_ANALYZER_NONNULL = YES;
				CLANG_ANALYZER_NUMBER_OBJECT_CONVERSION = YES_AGGRESSIVE;
				CLANG_CXX_LANGUAGE_STANDARD = "gnu++0x";
				CLANG_CXX_LIBRARY = "libc++";
				CLANG_ENABLE_MODULES = YES;
				CLANG_ENABLE_OBJC_ARC = YES;
				CLANG_WARN_BOOL_CONVERSION = YES;
				CLANG_WARN_CONSTANT_CONVERSION = YES;
				CLANG_WARN_DIRECT_OBJC_ISA_USAGE = YES_ERROR;
				CLANG_WARN_DOCUMENTATION_COMMENTS = YES;
				CLANG_WARN_EMPTY_BODY = YES;
				CLANG_WARN_ENUM_CONVERSION = YES;
				CLANG_WARN_INFINITE_RECURSION = YES;
				CLANG_WARN_INT_CONVERSION = YES;
				CLANG_WARN_OBJC_ROOT_CLASS = YES_ERROR;
				CLANG_WARN_SUSPICIOUS_MOVE = YES;
				CLANG_WARN_UNREACHABLE_CODE = YES;
				CLANG_WARN__DUPLICATE_METHOD_MATCH = YES;
				"CODE_SIGN_IDENTITY[sdk=iphoneos*]" = "iPhone Developer";
				COPY_PHASE_STRIP = NO;
				DEBUG_INFORMATION_FORMAT = "dwarf-with-dsym";
				ENABLE_NS_ASSERTIONS = NO;
				ENABLE_STRICT_OBJC_MSGSEND = YES;
				GCC_C_LANGUAGE_STANDARD = gnu99;
				GCC_NO_COMMON_BLOCKS = YES;
				GCC_WARN_64_TO_32_BIT_CONVERSION = YES;
				GCC_WARN_ABOUT_RETURN_TYPE = YES_ERROR;
				GCC_WARN_UNDECLARED_SELECTOR = YES;
				GCC_WARN_UNINITIALIZED_AUTOS = YES_AGGRESSIVE;
				GCC_WARN_UNUSED_FUNCTION = YES;
				GCC_WARN_UNUSED_VARIABLE = YES;
				IPHONEOS_DEPLOYMENT_TARGET = 10.3;
				MTL_ENABLE_DEBUG_INFO = NO;
				SDKROOT = iphoneos;
				TARGETED_DEVICE_FAMILY = "1,2";
				VALIDATE_PRODUCT = YES;
			};
			name = Release;
		};
		84C392DF1EB2704A00A5178C /* Debug */ = {
			isa = XCBuildConfiguration;
			buildSettings = {
				ASSETCATALOG_COMPILER_APPICON_NAME = AppIcon;
				INFOPLIST_FILE = collectionViewTutorial/Info.plist;
				LD_RUNPATH_SEARCH_PATHS = "$(inherited) @executable_path/Frameworks";
				PRODUCT_BUNDLE_IDENTIFIER = kv.collectionViewTutorial;
				PRODUCT_NAME = "$(TARGET_NAME)";
			};
			name = Debug;
		};
		84C392E01EB2704A00A5178C /* Release */ = {
			isa = XCBuildConfiguration;
			buildSettings = {
				ASSETCATALOG_COMPILER_APPICON_NAME = AppIcon;
				INFOPLIST_FILE = collectionViewTutorial/Info.plist;
				LD_RUNPATH_SEARCH_PATHS = "$(inherited) @executable_path/Frameworks";
				PRODUCT_BUNDLE_IDENTIFIER = kv.collectionViewTutorial;
				PRODUCT_NAME = "$(TARGET_NAME)";
			};
			name = Release;
		};
		84C392E21EB2704A00A5178C /* Debug */ = {
			isa = XCBuildConfiguration;
			buildSettings = {
				BUNDLE_LOADER = "$(TEST_HOST)";
				INFOPLIST_FILE = collectionViewTutorialTests/Info.plist;
				LD_RUNPATH_SEARCH_PATHS = "$(inherited) @executable_path/Frameworks @loader_path/Frameworks";
				PRODUCT_BUNDLE_IDENTIFIER = kv.collectionViewTutorialTests;
				PRODUCT_NAME = "$(TARGET_NAME)";
				TEST_HOST = "$(BUILT_PRODUCTS_DIR)/collectionViewTutorial.app/collectionViewTutorial";
			};
			name = Debug;
		};
		84C392E31EB2704A00A5178C /* Release */ = {
			isa = XCBuildConfiguration;
			buildSettings = {
				BUNDLE_LOADER = "$(TEST_HOST)";
				INFOPLIST_FILE = collectionViewTutorialTests/Info.plist;
				LD_RUNPATH_SEARCH_PATHS = "$(inherited) @executable_path/Frameworks @loader_path/Frameworks";
				PRODUCT_BUNDLE_IDENTIFIER = kv.collectionViewTutorialTests;
				PRODUCT_NAME = "$(TARGET_NAME)";
				TEST_HOST = "$(BUILT_PRODUCTS_DIR)/collectionViewTutorial.app/collectionViewTutorial";
			};
			name = Release;
		};
		84C392E51EB2704A00A5178C /* Debug */ = {
			isa = XCBuildConfiguration;
			buildSettings = {
				INFOPLIST_FILE = collectionViewTutorialUITests/Info.plist;
				LD_RUNPATH_SEARCH_PATHS = "$(inherited) @executable_path/Frameworks @loader_path/Frameworks";
				PRODUCT_BUNDLE_IDENTIFIER = kv.collectionViewTutorialUITests;
				PRODUCT_NAME = "$(TARGET_NAME)";
				TEST_TARGET_NAME = collectionViewTutorial;
			};
			name = Debug;
		};
		84C392E61EB2704A00A5178C /* Release */ = {
			isa = XCBuildConfiguration;
			buildSettings = {
				INFOPLIST_FILE = collectionViewTutorialUITests/Info.plist;
				LD_RUNPATH_SEARCH_PATHS = "$(inherited) @executable_path/Frameworks @loader_path/Frameworks";
				PRODUCT_BUNDLE_IDENTIFIER = kv.collectionViewTutorialUITests;
				PRODUCT_NAME = "$(TARGET_NAME)";
				TEST_TARGET_NAME = collectionViewTutorial;
			};
			name = Release;
		};
/* End XCBuildConfiguration section */

/* Begin XCConfigurationList section */
		84C392AC1EB2704A00A5178C /* Build configuration list for PBXProject "collectionViewTutorial" */ = {
			isa = XCConfigurationList;
			buildConfigurations = (
				84C392DC1EB2704A00A5178C /* Debug */,
				84C392DD1EB2704A00A5178C /* Release */,
			);
			defaultConfigurationIsVisible = 0;
			defaultConfigurationName = Release;
		};
		84C392DE1EB2704A00A5178C /* Build configuration list for PBXNativeTarget "collectionViewTutorial" */ = {
			isa = XCConfigurationList;
			buildConfigurations = (
				84C392DF1EB2704A00A5178C /* Debug */,
				84C392E01EB2704A00A5178C /* Release */,
			);
			defaultConfigurationIsVisible = 0;
		};
		84C392E11EB2704A00A5178C /* Build configuration list for PBXNativeTarget "collectionViewTutorialTests" */ = {
			isa = XCConfigurationList;
			buildConfigurations = (
				84C392E21EB2704A00A5178C /* Debug */,
				84C392E31EB2704A00A5178C /* Release */,
			);
			defaultConfigurationIsVisible = 0;
		};
		84C392E41EB2704A00A5178C /* Build configuration list for PBXNativeTarget "collectionViewTutorialUITests" */ = {
			isa = XCConfigurationList;
			buildConfigurations = (
				84C392E51EB2704A00A5178C /* Debug */,
				84C392E61EB2704A00A5178C /* Release */,
			);
			defaultConfigurationIsVisible = 0;
		};
/* End XCConfigurationList section */
	};
	rootObject = 84C392A91EB2704A00A5178C /* Project object */;
}
